
Microsoft Visual Studio Solution File, Format Version 12.00
# Visual Studio Version 18
VisualStudioVersion = 18.7.11811.120 insiders
MinimumVisualStudioVersion = 10.0.40219.1
Project("{FAE04EC0-301F-11D3-BF4B-00C04F79EFBC}") = "MediaFlux", "MediaFlux.csproj", "{5243415C-0104-6D71-BEDD-F60BD7F6FB5A}"
EndProject
Global
	GlobalSection(SolutionConfigurationPlatforms) = preSolution
		Debug|Any CPU = Debug|Any CPU
		Release|Any CPU = Release|Any CPU
	EndGlobalSection
	GlobalSection(ProjectConfigurationPlatforms) = postSolution
		{5243415C-0104-6D71-BEDD-F60BD7F6FB5A}.Debug|Any CPU.ActiveCfg = Debug|Any CPU
		{5243415C-0104-6D71-BEDD-F60BD7F6FB5A}.Debug|Any CPU.Build.0 = Debug|Any CPU
		{5243415C-0104-6D71-BEDD-F60BD7F6FB5A}.Release|Any CPU.ActiveCfg = Release|Any CPU
		{5243415C-0104-6D71-BEDD-F60BD7F6FB5A}.Release|Any CPU.Build.0 = Release|Any CPU
	EndGlobalSection
	GlobalSection(SolutionProperties) = preSolution
		HideSolutionNode = FALSE
	EndGlobalSection
	GlobalSection(ExtensibilityGlobals) = postSolution
		SolutionGuid = {56327297-B102-4C3F-80ED-2A84BFD3FB43}
	EndGlobalSection
EndGlobal
